// !$*UTF8*$!
{
	archiveVersion = 1;
	classes = {
	};
	objectVersion = 46;
	objects = {

/* Begin PBXBuildFile section */
		D3D6AB8B1A410C690025D27B /* main.m in Sources */ = {isa = PBXBuildFile; fileRef = D3D6AB8A1A410C690025D27B /* main.m */; };
		D3D6AB8E1A410C690025D27B /* AppDelegate.m in Sources */ = {isa = PBXBuildFile; fileRef = D3D6AB8D1A410C690025D27B /* AppDelegate.m */; };
		D3D6AB901A410C690025D27B /* Images.xcassets in Resources */ = {isa = PBXBuildFile; fileRef = D3D6AB8F1A410C690025D27B /* Images.xcassets */; };
		D3D6AB931A410C690025D27B /* LaunchScreen.xib in Resources */ = {isa = PBXBuildFile; fileRef = D3D6AB911A410C690025D27B /* LaunchScreen.xib */; };
		D3D6AB9F1A410C6A0025D27B /* LoginApiTests.m in Sources */ = {isa = PBXBuildFile; fileRef = D3D6AB9E1A410C6A0025D27B /* LoginApiTests.m */; };
/* End PBXBuildFile section */

/* Begin PBXContainerItemProxy section */
		D3D6AB991A410C690025D27B /* PBXContainerItemProxy */ = {
			isa = PBXContainerItemProxy;
			containerPortal = D3D6AB7D1A410C690025D27B /* Project object */;
			proxyType = 1;
			remoteGlobalIDString = D3D6AB841A410C690025D27B;
			remoteInfo = LoginApi;
		};
/* End PBXContainerItemProxy section */

/* Begin PBXFileReference section */
		D3D6AB851A410C690025D27B /* LoginApi.app */ = {isa = PBXFileReference; explicitFileType = wrapper.application; includeInIndex = 0; path = LoginApi.app; sourceTree = BUILT_PRODUCTS_DIR; };
		D3D6AB891A410C690025D27B /* Info.plist */ = {isa = PBXFileReference; lastKnownFileType = text.plist.xml; path = Info.plist; sourceTree = "<group>"; };
		D3D6AB8A1A410C690025D27B /* main.m */ = {isa = PBXFileReference; lastKnownFileType = sourcecode.c.objc; path = main.m; sourceTree = "<group>"; };
		D3D6AB8C1A410C690025D27B /* AppDelegate.h */ = {isa = PBXFileReference; lastKnownFileType = sourcecode.c.h; path = AppDelegate.h; sourceTree = "<group>"; };
		D3D6AB8D1A410C690025D27B /* AppDelegate.m */ = {isa = PBXFileReference; lastKnownFileType = sourcecode.c.objc; path = AppDelegate.m; sourceTree = "<group>"; };
		D3D6AB8F1A410C690025D27B /* Images.xcassets */ = {isa = PBXFileReference; lastKnownFileType = folder.assetcatalog; path = Images.xcassets; sourceTree = "<group>"; };
		D3D6AB921A410C690025D27B /* Base */ = {isa = PBXFileReference; lastKnownFileType = file.xib; name = Base; path = Base.lproj/LaunchScreen.xib; sourceTree = "<group>"; };
		D3D6AB981A410C690025D27B /* LoginApiTests.xctest */ = {isa = PBXFileReference; explicitFileType = wrapper.cfbundle; includeInIndex = 0; path = LoginApiTests.xctest; sourceTree = BUILT_PRODUCTS_DIR; };
		D3D6AB9D1A410C6A0025D27B /* Info.plist */ = {isa = PBXFileReference; lastKnownFileType = text.plist.xml; path = Info.plist; sourceTree = "<group>"; };
		D3D6AB9E1A410C6A0025D27B /* LoginApiTests.m */ = {isa = PBXFileReference; lastKnownFileType = sourcecode.c.objc; path = LoginApiTests.m; sourceTree = "<group>"; };
/* End PBXFileReference section */

/* Begin PBXFrameworksBuildPhase section */
		D3D6AB821A410C690025D27B /* Frameworks */ = {
			isa = PBXFrameworksBuildPhase;
			buildActionMask = 2147483647;
			files = (
			);
			runOnlyForDeploymentPostprocessing = 0;
		};
		D3D6AB951A410C690025D27B /* Frameworks */ = {
			isa = PBXFrameworksBuildPhase;
			buildActionMask = 2147483647;
			files = (
			);
			runOnlyForDeploymentPostprocessing = 0;
		};
/* End PBXFrameworksBuildPhase section */

/* Begin PBXGroup section */
		D3D6AB7C1A410C690025D27B = {
			isa = PBXGroup;
			children = (
				D3D6AB871A410C690025D27B /* LoginApi */,
				D3D6AB9B1A410C690025D27B /* LoginApiTests */,
				D3D6AB861A410C690025D27B /* Products */,
			);
			sourceTree = "<group>";
		};
		D3D6AB861A410C690025D27B /* Products */ = {
			isa = PBXGroup;
			children = (
				D3D6AB851A410C690025D27B /* LoginApi.app */,
				D3D6AB981A410C690025D27B /* LoginApiTests.xctest */,
			);
			name = Products;
			sourceTree = "<group>";
		};
		D3D6AB871A410C690025D27B /* LoginApi */ = {
			isa = PBXGroup;
			children = (
				D3D6AB8C1A410C690025D27B /* AppDelegate.h */,
				D3D6AB8D1A410C690025D27B /* AppDelegate.m */,
				D3D6AB8F1A410C690025D27B /* Images.xcassets */,
				D3D6AB911A410C690025D27B /* LaunchScreen.xib */,
				D3D6AB881A410C690025D27B /* Supporting Files */,
			);
			path = LoginApi;
			sourceTree = "<group>";
		};
		D3D6AB881A410C690025D27B /* Supporting Files */ = {
			isa = PBXGroup;
			children = (
				D3D6AB891A410C690025D27B /* Info.plist */,
				D3D6AB8A1A410C690025D27B /* main.m */,
			);
			name = "Supporting Files";
			sourceTree = "<group>";
		};
		D3D6AB9B1A410C690025D27B /* LoginApiTests */ = {
			isa = PBXGroup;
			children = (
				D3D6AB9E1A410C6A0025D27B /* LoginApiTests.m */,
				D3D6AB9C1A410C6A0025D27B /* Supporting Files */,
			);
			path = LoginApiTests;
			sourceTree = "<group>";
		};
		D3D6AB9C1A410C6A0025D27B /* Supporting Files */ = {
			isa = PBXGroup;
			children = (
				D3D6AB9D1A410C6A0025D27B /* Info.plist */,
			);
			name = "Supporting Files";
			sourceTree = "<group>";
		};
/* End PBXGroup section */

/* Begin PBXNativeTarget section */
		D3D6AB841A410C690025D27B /* LoginApi */ = {
			isa = PBXNativeTarget;
			buildConfigurationList = D3D6ABA21A410C6A0025D27B /* Build configuration list for PBXNativeTarget "LoginApi" */;
			buildPhases = (
				D3D6AB811A410C690025D27B /* Sources */,
				D3D6AB821A410C690025D27B /* Frameworks */,
				D3D6AB831A410C690025D27B /* Resources */,
			);
			buildRules = (
			);
			dependencies = (
			);
			name = LoginApi;
			productName = LoginApi;
			productReference = D3D6AB851A410C690025D27B /* LoginApi.app */;
			productType = "com.apple.product-type.application";
		};
		D3D6AB971A410C690025D27B /* LoginApiTests */ = {
			isa = PBXNativeTarget;
			buildConfigurationList = D3D6ABA51A410C6A0025D27B /* Build configuration list for PBXNativeTarget "LoginApiTests" */;
			buildPhases = (
				D3D6AB941A410C690025D27B /* Sources */,
				D3D6AB951A410C690025D27B /* Frameworks */,
				D3D6AB961A410C690025D27B /* Resources */,
			);
			buildRules = (
			);
			dependencies = (
				D3D6AB9A1A410C690025D27B /* PBXTargetDependency */,
			);
			name = LoginApiTests;
			productName = LoginApiTests;
			productReference = D3D6AB981A410C690025D27B /* LoginApiTests.xctest */;
			productType = "com.apple.product-type.bundle.unit-test";
		};
/* End PBXNativeTarget section */

/* Begin PBXProject section */
		D3D6AB7D1A410C690025D27B /* Project object */ = {
			isa = PBXProject;
			attributes = {
				LastUpgradeCheck = 0610;
				ORGANIZATIONNAME = wy;
				TargetAttributes = {
					D3D6AB841A410C690025D27B = {
						CreatedOnToolsVersion = 6.1;
					};
					D3D6AB971A410C690025D27B = {
						CreatedOnToolsVersion = 6.1;
						TestTargetID = D3D6AB841A410C690025D27B;
					};
				};
			};
			buildConfigurationList = D3D6AB801A410C690025D27B /* Build configuration list for PBXProject "LoginApi" */;
			compatibilityVersion = "Xcode 3.2";
			developmentRegion = English;
			hasScannedForEncodings = 0;
			knownRegions = (
				en,
				Base,
			);
			mainGroup = D3D6AB7C1A410C690025D27B;
			productRefGroup = D3D6AB861A410C690025D27B /* Products */;
			projectDirPath = "";
			projectRoot = "";
			targets = (
				D3D6AB841A410C690025D27B /* LoginApi */,
				D3D6AB971A410C690025D27B /* LoginApiTests */,
			);
		};
/* End PBXProject section */

/* Begin PBXResourcesBuildPhase section */
		D3D6AB831A410C690025D27B /* Resources */ = {
			isa = PBXResourcesBuildPhase;
			buildActionMask = 2147483647;
			files = (
				D3D6AB931A410C690025D27B /* LaunchScreen.xib in Resources */,
				D3D6AB901A410C690025D27B /* Images.xcassets in Resources */,
			);
			runOnlyForDeploymentPostprocessing = 0;
		};
		D3D6AB961A410C690025D27B /* Resources */ = {
			isa = PBXResourcesBuildPhase;
			buildActionMask = 2147483647;
			files = (
			);
			runOnlyForDeploymentPostprocessing = 0;
		};
/* End PBXResourcesBuildPhase section */

/* Begin PBXSourcesBuildPhase section */
		D3D6AB811A410C690025D27B /* Sources */ = {
			isa = PBXSourcesBuildPhase;
			buildActionMask = 2147483647;
			files = (
				D3D6AB8E1A410C690025D27B /* AppDelegate.m in Sources */,
				D3D6AB8B1A410C690025D27B /* main.m in Sources */,
			);
			runOnlyForDeploymentPostprocessing = 0;
		};
		D3D6AB941A410C690025D27B /* Sources */ = {
			isa = PBXSourcesBuildPhase;
			buildActionMask = 2147483647;
			files = (
				D3D6AB9F1A410C6A0025D27B /* LoginApiTests.m in Sources */,
			);
			runOnlyForDeploymentPostprocessing = 0;
		};
/* End PBXSourcesBuildPhase section */

/* Begin PBXTargetDependency section */
		D3D6AB9A1A410C690025D27B /* PBXTargetDependency */ = {
			isa = PBXTargetDependency;
			target = D3D6AB841A410C690025D27B /* LoginApi */;
			targetProxy = D3D6AB991A410C690025D27B /* PBXContainerItemProxy */;
		};
/* End PBXTargetDependency section */

/* Begin PBXVariantGroup section */
		D3D6AB911A410C690025D27B /* LaunchScreen.xib */ = {
			isa = PBXVariantGroup;
			children = (
				D3D6AB921A410C690025D27B /* Base */,
			);
			name = LaunchScreen.xib;
			sourceTree = "<group>";
		};
/* End PBXVariantGroup section */

/* Begin XCBuildConfiguration section */
		D3D6ABA01A410C6A0025D27B /* Debug */ = {
			isa = XCBuildConfiguration;
			buildSettings = {
				ALWAYS_SEARCH_USER_PATHS = NO;
				CLANG_CXX_LANGUAGE_STANDARD = "gnu++0x";
				CLANG_CXX_LIBRARY = "libc++";
				CLANG_ENABLE_MODULES = YES;
				CLANG_ENABLE_OBJC_ARC = YES;
				CLANG_WARN_BOOL_CONVERSION = YES;
				CLANG_WARN_CONSTANT_CONVERSION = YES;
				CLANG_WARN_DIRECT_OBJC_ISA_USAGE = YES_ERROR;
				CLANG_WARN_EMPTY_BODY = YES;
				CLANG_WARN_ENUM_CONVERSION = YES;
				CLANG_WARN_INT_CONVERSION = YES;
				CLANG_WARN_OBJC_ROOT_CLASS = YES_ERROR;
				CLANG_WARN_UNREACHABLE_CODE = YES;
				CLANG_WARN__DUPLICATE_METHOD_MATCH = YES;
				"CODE_SIGN_IDENTITY[sdk=iphoneos*]" = "iPhone Developer";
				COPY_PHASE_STRIP = NO;
				ENABLE_STRICT_OBJC_MSGSEND = YES;
				GCC_C_LANGUAGE_STANDARD = gnu99;
				GCC_DYNAMIC_NO_PIC = NO;
				GCC_OPTIMIZATION_LEVEL = 0;
				GCC_PREPROCESSOR_DEFINITIONS = (
					"DEBUG=1",
					"$(inherited)",
				);
				GCC_SYMBOLS_PRIVATE_EXTERN = NO;
				GCC_WARN_64_TO_32_BIT_CONVERSION = YES;
				GCC_WARN_ABOUT_RETURN_TYPE = YES_ERROR;
				GCC_WARN_UNDECLARED_SELECTOR = YES;
				GCC_WARN_UNINITIALIZED_AUTOS = YES_AGGRESSIVE;
				GCC_WARN_UNUSED_FUNCTION = YES;
				GCC_WARN_UNUSED_VARIABLE = YES;
				IPHONEOS_DEPLOYMENT_TARGET = 8.1;
				MTL_ENABLE_DEBUG_INFO = YES;
				ONLY_ACTIVE_ARCH = YES;
				SDKROOT = iphoneos;
			};
			name = Debug;
		};
		D3D6ABA11A410C6A0025D27B /* Release */ = {
			isa = XCBuildConfiguration;
			buildSettings = {
				ALWAYS_SEARCH_USER_PATHS = NO;
				CLANG_CXX_LANGUAGE_STANDARD = "gnu++0x";
				CLANG_CXX_LIBRARY = "libc++";
				CLANG_ENABLE_MODULES = YES;
				CLANG_ENABLE_OBJC_ARC = YES;
				CLANG_WARN_BOOL_CONVERSION = YES;
				CLANG_WARN_CONSTANT_CONVERSION = YES;
				CLANG_WARN_DIRECT_OBJC_ISA_USAGE = YES_ERROR;
				CLANG_WARN_EMPTY_BODY = YES;
				CLANG_WARN_ENUM_CONVERSION = YES;
				CLANG_WARN_INT_CONVERSION = YES;
				CLANG_WARN_OBJC_ROOT_CLASS = YES_ERROR;
				CLANG_WARN_UNREACHABLE_CODE = YES;
				CLANG_WARN__DUPLICATE_METHOD_MATCH = YES;
				"CODE_SIGN_IDENTITY[sdk=iphoneos*]" = "iPhone Developer";
				COPY_PHASE_STRIP = YES;
				ENABLE_NS_ASSERTIONS = NO;
				ENABLE_STRICT_OBJC_MSGSEND = YES;
				GCC_C_LANGUAGE_STANDARD = gnu99;
				GCC_WARN_64_TO_32_BIT_CONVERSION = YES;
				GCC_WARN_ABOUT_RETURN_TYPE = YES_ERROR;
				GCC_WARN_UNDECLARED_SELECTOR = YES;
				GCC_WARN_UNINITIALIZED_AUTOS = YES_AGGRESSIVE;
				GCC_WARN_UNUSED_FUNCTION = YES;
				GCC_WARN_UNUSED_VARIABLE = YES;
				IPHONEOS_DEPLOYMENT_TARGET = 8.1;
				MTL_ENABLE_DEBUG_INFO = NO;
				SDKROOT = iphoneos;
				VALIDATE_PRODUCT = YES;
			};
			name = Release;
		};
		D3D6ABA31A410C6A0025D27B /* Debug */ = {
			isa = XCBuildConfiguration;
			buildSettings = {
				ASSETCATALOG_COMPILER_APPICON_NAME = AppIcon;
				INFOPLIST_FILE = LoginApi/Info.plist;
				LD_RUNPATH_SEARCH_PATHS = "$(inherited) @executable_path/Frameworks";
				PRODUCT_NAME = "$(TARGET_NAME)";
			};
			name = Debug;
		};
		D3D6ABA41A410C6A0025D27B /* Release */ = {
			isa = XCBuildConfiguration;
			buildSettings = {
				ASSETCATALOG_COMPILER_APPICON_NAME = AppIcon;
				INFOPLIST_FILE = LoginApi/Info.plist;
				LD_RUNPATH_SEARCH_PATHS = "$(inherited) @executable_path/Frameworks";
				PRODUCT_NAME = "$(TARGET_NAME)";
			};
			name = Release;
		};
		D3D6ABA61A410C6A0025D27B /* Debug */ = {
			isa = XCBuildConfiguration;
			buildSettings = {
				BUNDLE_LOADER = "$(TEST_HOST)";
				FRAMEWORK_SEARCH_PATHS = (
					"$(SDKROOT)/Developer/Library/Frameworks",
					"$(inherited)",
				);
				GCC_PREPROCESSOR_DEFINITIONS = (
					"DEBUG=1",
					"$(inherited)",
				);
				INFOPLIST_FILE = LoginApiTests/Info.plist;
				LD_RUNPATH_SEARCH_PATHS = "$(inherited) @executable_path/Frameworks @loader_path/Frameworks";
				PRODUCT_NAME = "$(TARGET_NAME)";
				TEST_HOST = "$(BUILT_PRODUCTS_DIR)/LoginApi.app/LoginApi";
			};
			name = Debug;
		};
		D3D6ABA71A410C6A0025D27B /* Release */ = {
			isa = XCBuildConfiguration;
			buildSettings = {
				BUNDLE_LOADER = "$(TEST_HOST)";
				FRAMEWORK_SEARCH_PATHS = (
					"$(SDKROOT)/Developer/Library/Frameworks",
					"$(inherited)",
				);
				INFOPLIST_FILE = LoginApiTests/Info.plist;
				LD_RUNPATH_SEARCH_PATHS = "$(inherited) @executable_path/Frameworks @loader_path/Frameworks";
				PRODUCT_NAME = "$(TARGET_NAME)";
				TEST_HOST = "$(BUILT_PRODUCTS_DIR)/LoginApi.app/LoginApi";
			};
			name = Release;
		};
/* End XCBuildConfiguration section */

/* Begin XCConfigurationList section */
		D3D6AB801A410C690025D27B /* Build configuration list for PBXProject "LoginApi" */ = {
			isa = XCConfigurationList;
			buildConfigurations = (
				D3D6ABA01A410C6A0025D27B /* Debug */,
				D3D6ABA11A410C6A0025D27B /* Release */,
			);
			defaultConfigurationIsVisible = 0;
			defaultConfigurationName = Release;
		};
		D3D6ABA21A410C6A0025D27B /* Build configuration list for PBXNativeTarget "LoginApi" */ = {
			isa = XCConfigurationList;
			buildConfigurations = (
				D3D6ABA31A410C6A0025D27B /* Debug */,
				D3D6ABA41A410C6A0025D27B /* Release */,
			);
			defaultConfigurationIsVisible = 0;
		};
		D3D6ABA51A410C6A0025D27B /* Build configuration list for PBXNativeTarget "LoginApiTests" */ = {
			isa = XCConfigurationList;
			buildConfigurations = (
				D3D6ABA61A410C6A0025D27B /* Debug */,
				D3D6ABA71A410C6A0025D27B /* Release */,
			);
			defaultConfigurationIsVisible = 0;
		};
/* End XCConfigurationList section */
	};
	rootObject = D3D6AB7D1A410C690025D27B /* Project object */;
}
